// !$*UTF8*$!
{
	archiveVersion = 1;
	classes = {
	};
	objectVersion = 55;
	objects = {

/* Begin PBXBuildFile section */
		4D22C0C927FB74FD005F3A73 /* InstaButton.swift in Sources */ = {isa = PBXBuildFile; fileRef = 4D22C0C827FB74FD005F3A73 /* InstaButton.swift */; };
		4D22C0CB27FB8A5E005F3A73 /* MakeNameViewController.swift in Sources */ = {isa = PBXBuildFile; fileRef = 4D22C0CA27FB8A5E005F3A73 /* MakeNameViewController.swift */; };
		4D22C0CD27FB8C6C005F3A73 /* MakePasswordViewController.swift in Sources */ = {isa = PBXBuildFile; fileRef = 4D22C0CC27FB8C6C005F3A73 /* MakePasswordViewController.swift */; };
		4D22C0CF27FB8D06005F3A73 /* CompleteLoginViewController.swift in Sources */ = {isa = PBXBuildFile; fileRef = 4D22C0CE27FB8D06005F3A73 /* CompleteLoginViewController.swift */; };
		4DD40B2328136965006CABC1 /* BackButton.swift in Sources */ = {isa = PBXBuildFile; fileRef = 4DD40B2228136965006CABC1 /* BackButton.swift */; };
		4DD4DB9427FA171D00E54124 /* AppDelegate.swift in Sources */ = {isa = PBXBuildFile; fileRef = 4DD4DB9327FA171D00E54124 /* AppDelegate.swift */; };
		4DD4DB9627FA171D00E54124 /* SceneDelegate.swift in Sources */ = {isa = PBXBuildFile; fileRef = 4DD4DB9527FA171D00E54124 /* SceneDelegate.swift */; };
		4DD4DB9D27FA172000E54124 /* Assets.xcassets in Resources */ = {isa = PBXBuildFile; fileRef = 4DD4DB9C27FA172000E54124 /* Assets.xcassets */; };
		4DD4DBA027FA172000E54124 /* LaunchScreen.storyboard in Resources */ = {isa = PBXBuildFile; fileRef = 4DD4DB9E27FA172000E54124 /* LaunchScreen.storyboard */; };
		4DD4DBB327FA1FDA00E54124 /* Then in Frameworks */ = {isa = PBXBuildFile; productRef = 4DD4DBB227FA1FDA00E54124 /* Then */; };
		4DD4DBB627FA1FEE00E54124 /* SnapKit in Frameworks */ = {isa = PBXBuildFile; productRef = 4DD4DBB527FA1FEE00E54124 /* SnapKit */; };
		4DD4DBB927FA39F800E54124 /* LoginViewController.swift in Sources */ = {isa = PBXBuildFile; fileRef = 4DD4DBB827FA39F800E54124 /* LoginViewController.swift */; };
		4DD4DBBB27FA3A0600E54124 /* BaseViewController.swift in Sources */ = {isa = PBXBuildFile; fileRef = 4DD4DBBA27FA3A0600E54124 /* BaseViewController.swift */; };
		4DD4DBBD27FA3E6100E54124 /* InstaTextField.swift in Sources */ = {isa = PBXBuildFile; fileRef = 4DD4DBBC27FA3E6100E54124 /* InstaTextField.swift */; };
		4DD4DBBF27FA43AC00E54124 /* UIView+.swift in Sources */ = {isa = PBXBuildFile; fileRef = 4DD4DBBE27FA43AC00E54124 /* UIView+.swift */; };
		4DF86F5827FF72DB009DCFAA /* ImageLiteral.swift in Sources */ = {isa = PBXBuildFile; fileRef = 4DF86F5727FF72DB009DCFAA /* ImageLiteral.swift */; };
/* End PBXBuildFile section */

/* Begin PBXFileReference section */
		4D22C0C827FB74FD005F3A73 /* InstaButton.swift */ = {isa = PBXFileReference; lastKnownFileType = sourcecode.swift; path = InstaButton.swift; sourceTree = "<group>"; };
		4D22C0CA27FB8A5E005F3A73 /* MakeNameViewController.swift */ = {isa = PBXFileReference; lastKnownFileType = sourcecode.swift; path = MakeNameViewController.swift; sourceTree = "<group>"; };
		4D22C0CC27FB8C6C005F3A73 /* MakePasswordViewController.swift */ = {isa = PBXFileReference; lastKnownFileType = sourcecode.swift; path = MakePasswordViewController.swift; sourceTree = "<group>"; };
		4D22C0CE27FB8D06005F3A73 /* CompleteLoginViewController.swift */ = {isa = PBXFileReference; lastKnownFileType = sourcecode.swift; path = CompleteLoginViewController.swift; sourceTree = "<group>"; };
		4DD40B2228136965006CABC1 /* BackButton.swift */ = {isa = PBXFileReference; lastKnownFileType = sourcecode.swift; path = BackButton.swift; sourceTree = "<group>"; };
		4DD4DB9027FA171D00E54124 /* 30th-Assignment.app */ = {isa = PBXFileReference; explicitFileType = wrapper.application; includeInIndex = 0; path = "30th-Assignment.app"; sourceTree = BUILT_PRODUCTS_DIR; };
		4DD4DB9327FA171D00E54124 /* AppDelegate.swift */ = {isa = PBXFileReference; lastKnownFileType = sourcecode.swift; path = AppDelegate.swift; sourceTree = "<group>"; };
		4DD4DB9527FA171D00E54124 /* SceneDelegate.swift */ = {isa = PBXFileReference; lastKnownFileType = sourcecode.swift; path = SceneDelegate.swift; sourceTree = "<group>"; };
		4DD4DB9C27FA172000E54124 /* Assets.xcassets */ = {isa = PBXFileReference; lastKnownFileType = folder.assetcatalog; path = Assets.xcassets; sourceTree = "<group>"; };
		4DD4DB9F27FA172000E54124 /* Base */ = {isa = PBXFileReference; lastKnownFileType = file.storyboard; name = Base; path = Base.lproj/LaunchScreen.storyboard; sourceTree = "<group>"; };
		4DD4DBA127FA172000E54124 /* Info.plist */ = {isa = PBXFileReference; lastKnownFileType = text.plist.xml; path = Info.plist; sourceTree = "<group>"; };
		4DD4DBB827FA39F800E54124 /* LoginViewController.swift */ = {isa = PBXFileReference; lastKnownFileType = sourcecode.swift; path = LoginViewController.swift; sourceTree = "<group>"; };
		4DD4DBBA27FA3A0600E54124 /* BaseViewController.swift */ = {isa = PBXFileReference; lastKnownFileType = sourcecode.swift; path = BaseViewController.swift; sourceTree = "<group>"; };
		4DD4DBBC27FA3E6100E54124 /* InstaTextField.swift */ = {isa = PBXFileReference; lastKnownFileType = sourcecode.swift; path = InstaTextField.swift; sourceTree = "<group>"; };
		4DD4DBBE27FA43AC00E54124 /* UIView+.swift */ = {isa = PBXFileReference; lastKnownFileType = sourcecode.swift; path = "UIView+.swift"; sourceTree = "<group>"; };
		4DF86F5727FF72DB009DCFAA /* ImageLiteral.swift */ = {isa = PBXFileReference; lastKnownFileType = sourcecode.swift; path = ImageLiteral.swift; sourceTree = "<group>"; };
/* End PBXFileReference section */

/* Begin PBXFrameworksBuildPhase section */
		4DD4DB8D27FA171D00E54124 /* Frameworks */ = {
			isa = PBXFrameworksBuildPhase;
			buildActionMask = 2147483647;
			files = (
				4DD4DBB327FA1FDA00E54124 /* Then in Frameworks */,
				4DD4DBB627FA1FEE00E54124 /* SnapKit in Frameworks */,
			);
			runOnlyForDeploymentPostprocessing = 0;
		};
/* End PBXFrameworksBuildPhase section */

/* Begin PBXGroup section */
		4DD4DB8727FA171D00E54124 = {
			isa = PBXGroup;
			children = (
				4DD4DB9227FA171D00E54124 /* 30th-Assignment */,
				4DD4DB9127FA171D00E54124 /* Products */,
			);
			sourceTree = "<group>";
		};
		4DD4DB9127FA171D00E54124 /* Products */ = {
			isa = PBXGroup;
			children = (
				4DD4DB9027FA171D00E54124 /* 30th-Assignment.app */,
			);
			name = Products;
			sourceTree = "<group>";
		};
		4DD4DB9227FA171D00E54124 /* 30th-Assignment */ = {
			isa = PBXGroup;
			children = (
				4DD4DBA727FA17E200E54124 /* Global */,
				4DD4DBA827FA17F200E54124 /* Screens */,
			);
			path = "30th-Assignment";
			sourceTree = "<group>";
		};
		4DD4DBA727FA17E200E54124 /* Global */ = {
			isa = PBXGroup;
			children = (
				4DF86F5627FF72C5009DCFAA /* Literal */,
				4DD4DBA927FA187800E54124 /* Base */,
				4DD4DBAB27FA18A400E54124 /* Extension */,
				4DD4DBAD27FA18F700E54124 /* UIComponent */,
				4DD4DBAC27FA18DD00E54124 /* Resource */,
				4DD4DBAA27FA188800E54124 /* Utils */,
				4DD4DBAE27FA191600E54124 /* Supports */,
			);
			path = Global;
			sourceTree = "<group>";
		};
		4DD4DBA827FA17F200E54124 /* Screens */ = {
			isa = PBXGroup;
			children = (
				4DD4DBB727FA39A000E54124 /* Authentication */,
			);
			path = Screens;
			sourceTree = "<group>";
		};
		4DD4DBA927FA187800E54124 /* Base */ = {
			isa = PBXGroup;
			children = (
				4DD4DBBA27FA3A0600E54124 /* BaseViewController.swift */,
			);
			path = Base;
			sourceTree = "<group>";
		};
		4DD4DBAA27FA188800E54124 /* Utils */ = {
			isa = PBXGroup;
			children = (
			);
			path = Utils;
			sourceTree = "<group>";
		};
		4DD4DBAB27FA18A400E54124 /* Extension */ = {
			isa = PBXGroup;
			children = (
				4DD4DBBE27FA43AC00E54124 /* UIView+.swift */,
			);
			path = Extension;
			sourceTree = "<group>";
		};
		4DD4DBAC27FA18DD00E54124 /* Resource */ = {
			isa = PBXGroup;
			children = (
				4DD4DB9C27FA172000E54124 /* Assets.xcassets */,
				4DD4DB9E27FA172000E54124 /* LaunchScreen.storyboard */,
			);
			path = Resource;
			sourceTree = "<group>";
		};
		4DD4DBAD27FA18F700E54124 /* UIComponent */ = {
			isa = PBXGroup;
			children = (
				4DD4DBBC27FA3E6100E54124 /* InstaTextField.swift */,
				4D22C0C827FB74FD005F3A73 /* InstaButton.swift */,
				4DD40B2228136965006CABC1 /* BackButton.swift */,
			);
			path = UIComponent;
			sourceTree = "<group>";
		};
		4DD4DBAE27FA191600E54124 /* Supports */ = {
			isa = PBXGroup;
			children = (
				4DD4DB9327FA171D00E54124 /* AppDelegate.swift */,
				4DD4DB9527FA171D00E54124 /* SceneDelegate.swift */,
				4DD4DBA127FA172000E54124 /* Info.plist */,
			);
			path = Supports;
			sourceTree = "<group>";
		};
		4DD4DBB727FA39A000E54124 /* Authentication */ = {
			isa = PBXGroup;
			children = (
				4DD4DBB827FA39F800E54124 /* LoginViewController.swift */,
				4D22C0CA27FB8A5E005F3A73 /* MakeNameViewController.swift */,
				4D22C0CC27FB8C6C005F3A73 /* MakePasswordViewController.swift */,
				4D22C0CE27FB8D06005F3A73 /* CompleteLoginViewController.swift */,
			);
			path = Authentication;
			sourceTree = "<group>";
		};
		4DF86F5627FF72C5009DCFAA /* Literal */ = {
			isa = PBXGroup;
			children = (
				4DF86F5727FF72DB009DCFAA /* ImageLiteral.swift */,
			);
			path = Literal;
			sourceTree = "<group>";
		};
/* End PBXGroup section */

/* Begin PBXNativeTarget section */
		4DD4DB8F27FA171D00E54124 /* 30th-Assignment */ = {
			isa = PBXNativeTarget;
			buildConfigurationList = 4DD4DBA427FA172000E54124 /* Build configuration list for PBXNativeTarget "30th-Assignment" */;
			buildPhases = (
				4DD4DB8C27FA171D00E54124 /* Sources */,
				4DD4DB8D27FA171D00E54124 /* Frameworks */,
				4DD4DB8E27FA171D00E54124 /* Resources */,
			);
			buildRules = (
			);
			dependencies = (
			);
			name = "30th-Assignment";
			packageProductDependencies = (
				4DD4DBB227FA1FDA00E54124 /* Then */,
				4DD4DBB527FA1FEE00E54124 /* SnapKit */,
			);
			productName = "30th-Assignment";
			productReference = 4DD4DB9027FA171D00E54124 /* 30th-Assignment.app */;
			productType = "com.apple.product-type.application";
		};
/* End PBXNativeTarget section */

/* Begin PBXProject section */
		4DD4DB8827FA171D00E54124 /* Project object */ = {
			isa = PBXProject;
			attributes = {
				BuildIndependentTargetsInParallel = 1;
				LastSwiftUpdateCheck = 1330;
				LastUpgradeCheck = 1330;
				TargetAttributes = {
					4DD4DB8F27FA171D00E54124 = {
						CreatedOnToolsVersion = 13.3;
					};
				};
			};
			buildConfigurationList = 4DD4DB8B27FA171D00E54124 /* Build configuration list for PBXProject "30th-Assignment" */;
			compatibilityVersion = "Xcode 13.0";
			developmentRegion = en;
			hasScannedForEncodings = 0;
			knownRegions = (
				en,
				Base,
			);
			mainGroup = 4DD4DB8727FA171D00E54124;
			packageReferences = (
				4DD4DBB127FA1FDA00E54124 /* XCRemoteSwiftPackageReference "Then" */,
				4DD4DBB427FA1FEE00E54124 /* XCRemoteSwiftPackageReference "SnapKit" */,
			);
			productRefGroup = 4DD4DB9127FA171D00E54124 /* Products */;
			projectDirPath = "";
			projectRoot = "";
			targets = (
				4DD4DB8F27FA171D00E54124 /* 30th-Assignment */,
			);
		};
/* End PBXProject section */

/* Begin PBXResourcesBuildPhase section */
		4DD4DB8E27FA171D00E54124 /* Resources */ = {
			isa = PBXResourcesBuildPhase;
			buildActionMask = 2147483647;
			files = (
				4DD4DBA027FA172000E54124 /* LaunchScreen.storyboard in Resources */,
				4DD4DB9D27FA172000E54124 /* Assets.xcassets in Resources */,
			);
			runOnlyForDeploymentPostprocessing = 0;
		};
/* End PBXResourcesBuildPhase section */

/* Begin PBXSourcesBuildPhase section */
		4DD4DB8C27FA171D00E54124 /* Sources */ = {
			isa = PBXSourcesBuildPhase;
			buildActionMask = 2147483647;
			files = (
				4DD4DBBF27FA43AC00E54124 /* UIView+.swift in Sources */,
				4D22C0C927FB74FD005F3A73 /* InstaButton.swift in Sources */,
				4D22C0CB27FB8A5E005F3A73 /* MakeNameViewController.swift in Sources */,
				4DF86F5827FF72DB009DCFAA /* ImageLiteral.swift in Sources */,
				4D22C0CF27FB8D06005F3A73 /* CompleteLoginViewController.swift in Sources */,
				4DD4DBBB27FA3A0600E54124 /* BaseViewController.swift in Sources */,
				4DD4DBBD27FA3E6100E54124 /* InstaTextField.swift in Sources */,
				4DD4DBB927FA39F800E54124 /* LoginViewController.swift in Sources */,
				4DD40B2328136965006CABC1 /* BackButton.swift in Sources */,
				4D22C0CD27FB8C6C005F3A73 /* MakePasswordViewController.swift in Sources */,
				4DD4DB9427FA171D00E54124 /* AppDelegate.swift in Sources */,
				4DD4DB9627FA171D00E54124 /* SceneDelegate.swift in Sources */,
			);
			runOnlyForDeploymentPostprocessing = 0;
		};
/* End PBXSourcesBuildPhase section */

/* Begin PBXVariantGroup section */
		4DD4DB9E27FA172000E54124 /* LaunchScreen.storyboard */ = {
			isa = PBXVariantGroup;
			children = (
				4DD4DB9F27FA172000E54124 /* Base */,
			);
			name = LaunchScreen.storyboard;
			sourceTree = "<group>";
		};
/* End PBXVariantGroup section */

/* Begin XCBuildConfiguration section */
		4DD4DBA227FA172000E54124 /* Debug */ = {
			isa = XCBuildConfiguration;
			buildSettings = {
				ALWAYS_SEARCH_USER_PATHS = NO;
				CLANG_ANALYZER_NONNULL = YES;
				CLANG_ANALYZER_NUMBER_OBJECT_CONVERSION = YES_AGGRESSIVE;
				CLANG_CXX_LANGUAGE_STANDARD = "gnu++17";
				CLANG_ENABLE_MODULES = YES;
				CLANG_ENABLE_OBJC_ARC = YES;
				CLANG_ENABLE_OBJC_WEAK = YES;
				CLANG_WARN_BLOCK_CAPTURE_AUTORELEASING = YES;
				CLANG_WARN_BOOL_CONVERSION = YES;
				CLANG_WARN_COMMA = YES;
				CLANG_WARN_CONSTANT_CONVERSION = YES;
				CLANG_WARN_DEPRECATED_OBJC_IMPLEMENTATIONS = YES;
				CLANG_WARN_DIRECT_OBJC_ISA_USAGE = YES_ERROR;
				CLANG_WARN_DOCUMENTATION_COMMENTS = YES;
				CLANG_WARN_EMPTY_BODY = YES;
				CLANG_WARN_ENUM_CONVERSION = YES;
				CLANG_WARN_INFINITE_RECURSION = YES;
				CLANG_WARN_INT_CONVERSION = YES;
				CLANG_WARN_NON_LITERAL_NULL_CONVERSION = YES;
				CLANG_WARN_OBJC_IMPLICIT_RETAIN_SELF = YES;
				CLANG_WARN_OBJC_LITERAL_CONVERSION = YES;
				CLANG_WARN_OBJC_ROOT_CLASS = YES_ERROR;
				CLANG_WARN_QUOTED_INCLUDE_IN_FRAMEWORK_HEADER = YES;
				CLANG_WARN_RANGE_LOOP_ANALYSIS = YES;
				CLANG_WARN_STRICT_PROTOTYPES = YES;
				CLANG_WARN_SUSPICIOUS_MOVE = YES;
				CLANG_WARN_UNGUARDED_AVAILABILITY = YES_AGGRESSIVE;
				CLANG_WARN_UNREACHABLE_CODE = YES;
				CLANG_WARN__DUPLICATE_METHOD_MATCH = YES;
				COPY_PHASE_STRIP = NO;
				DEBUG_INFORMATION_FORMAT = dwarf;
				ENABLE_STRICT_OBJC_MSGSEND = YES;
				ENABLE_TESTABILITY = YES;
				GCC_C_LANGUAGE_STANDARD = gnu11;
				GCC_DYNAMIC_NO_PIC = NO;
				GCC_NO_COMMON_BLOCKS = YES;
				GCC_OPTIMIZATION_LEVEL = 0;
				GCC_PREPROCESSOR_DEFINITIONS = (
					"DEBUG=1",
					"$(inherited)",
				);
				GCC_WARN_64_TO_32_BIT_CONVERSION = YES;
				GCC_WARN_ABOUT_RETURN_TYPE = YES_ERROR;
				GCC_WARN_UNDECLARED_SELECTOR = YES;
				GCC_WARN_UNINITIALIZED_AUTOS = YES_AGGRESSIVE;
				GCC_WARN_UNUSED_FUNCTION = YES;
				GCC_WARN_UNUSED_VARIABLE = YES;
				IPHONEOS_DEPLOYMENT_TARGET = 15.4;
				MTL_ENABLE_DEBUG_INFO = INCLUDE_SOURCE;
				MTL_FAST_MATH = YES;
				ONLY_ACTIVE_ARCH = YES;
				SDKROOT = iphoneos;
				SWIFT_ACTIVE_COMPILATION_CONDITIONS = DEBUG;
				SWIFT_OPTIMIZATION_LEVEL = "-Onone";
			};
			name = Debug;
		};
		4DD4DBA327FA172000E54124 /* Release */ = {
			isa = XCBuildConfiguration;
			buildSettings = {
				ALWAYS_SEARCH_USER_PATHS = NO;
				CLANG_ANALYZER_NONNULL = YES;
				CLANG_ANALYZER_NUMBER_OBJECT_CONVERSION = YES_AGGRESSIVE;
				CLANG_CXX_LANGUAGE_STANDARD = "gnu++17";
				CLANG_ENABLE_MODULES = YES;
				CLANG_ENABLE_OBJC_ARC = YES;
				CLANG_ENABLE_OBJC_WEAK = YES;
				CLANG_WARN_BLOCK_CAPTURE_AUTORELEASING = YES;
				CLANG_WARN_BOOL_CONVERSION = YES;
				CLANG_WARN_COMMA = YES;
				CLANG_WARN_CONSTANT_CONVERSION = YES;
				CLANG_WARN_DEPRECATED_OBJC_IMPLEMENTATIONS = YES;
				CLANG_WARN_DIRECT_OBJC_ISA_USAGE = YES_ERROR;
				CLANG_WARN_DOCUMENTATION_COMMENTS = YES;
				CLANG_WARN_EMPTY_BODY = YES;
				CLANG_WARN_ENUM_CONVERSION = YES;
				CLANG_WARN_INFINITE_RECURSION = YES;
				CLANG_WARN_INT_CONVERSION = YES;
				CLANG_WARN_NON_LITERAL_NULL_CONVERSION = YES;
				CLANG_WARN_OBJC_IMPLICIT_RETAIN_SELF = YES;
				CLANG_WARN_OBJC_LITERAL_CONVERSION = YES;
				CLANG_WARN_OBJC_ROOT_CLASS = YES_ERROR;
				CLANG_WARN_QUOTED_INCLUDE_IN_FRAMEWORK_HEADER = YES;
				CLANG_WARN_RANGE_LOOP_ANALYSIS = YES;
				CLANG_WARN_STRICT_PROTOTYPES = YES;
				CLANG_WARN_SUSPICIOUS_MOVE = YES;
				CLANG_WARN_UNGUARDED_AVAILABILITY = YES_AGGRESSIVE;
				CLANG_WARN_UNREACHABLE_CODE = YES;
				CLANG_WARN__DUPLICATE_METHOD_MATCH = YES;
				COPY_PHASE_STRIP = NO;
				DEBUG_INFORMATION_FORMAT = "dwarf-with-dsym";
				ENABLE_NS_ASSERTIONS = NO;
				ENABLE_STRICT_OBJC_MSGSEND = YES;
				GCC_C_LANGUAGE_STANDARD = gnu11;
				GCC_NO_COMMON_BLOCKS = YES;
				GCC_WARN_64_TO_32_BIT_CONVERSION = YES;
				GCC_WARN_ABOUT_RETURN_TYPE = YES_ERROR;
				GCC_WARN_UNDECLARED_SELECTOR = YES;
				GCC_WARN_UNINITIALIZED_AUTOS = YES_AGGRESSIVE;
				GCC_WARN_UNUSED_FUNCTION = YES;
				GCC_WARN_UNUSED_VARIABLE = YES;
				IPHONEOS_DEPLOYMENT_TARGET = 15.4;
				MTL_ENABLE_DEBUG_INFO = NO;
				MTL_FAST_MATH = YES;
				SDKROOT = iphoneos;
				SWIFT_COMPILATION_MODE = wholemodule;
				SWIFT_OPTIMIZATION_LEVEL = "-O";
				VALIDATE_PRODUCT = YES;
			};
			name = Release;
		};
		4DD4DBA527FA172000E54124 /* Debug */ = {
			isa = XCBuildConfiguration;
			buildSettings = {
				ASSETCATALOG_COMPILER_APPICON_NAME = AppIcon;
				ASSETCATALOG_COMPILER_GLOBAL_ACCENT_COLOR_NAME = AccentColor;
				CODE_SIGN_STYLE = Automatic;
				CURRENT_PROJECT_VERSION = 1;
				DEVELOPMENT_TEAM = L2NP7U5487;
				GENERATE_INFOPLIST_FILE = YES;
				INFOPLIST_FILE = "30th-Assignment/Global/Supports/Info.plist";
				INFOPLIST_KEY_UIApplicationSupportsIndirectInputEvents = YES;
				INFOPLIST_KEY_UILaunchStoryboardName = LaunchScreen;
				INFOPLIST_KEY_UISupportedInterfaceOrientations_iPad = "UIInterfaceOrientationPortrait UIInterfaceOrientationPortraitUpsideDown UIInterfaceOrientationLandscapeLeft UIInterfaceOrientationLandscapeRight";
				INFOPLIST_KEY_UISupportedInterfaceOrientations_iPhone = "UIInterfaceOrientationPortrait UIInterfaceOrientationLandscapeLeft UIInterfaceOrientationLandscapeRight";
				LD_RUNPATH_SEARCH_PATHS = (
					"$(inherited)",
					"@executable_path/Frameworks",
				);
				MARKETING_VERSION = 1.0;
				PRODUCT_BUNDLE_IDENTIFIER = "com.sutori.-0th-Assignment";
				PRODUCT_NAME = "$(TARGET_NAME)";
				SWIFT_EMIT_LOC_STRINGS = YES;
				SWIFT_VERSION = 5.0;
				TARGETED_DEVICE_FAMILY = "1,2";
			};
			name = Debug;
		};
		4DD4DBA627FA172000E54124 /* Release */ = {
			isa = XCBuildConfiguration;
			buildSettings = {
				ASSETCATALOG_COMPILER_APPICON_NAME = AppIcon;
				ASSETCATALOG_COMPILER_GLOBAL_ACCENT_COLOR_NAME = AccentColor;
				CODE_SIGN_STYLE = Automatic;
				CURRENT_PROJECT_VERSION = 1;
				DEVELOPMENT_TEAM = L2NP7U5487;
				GENERATE_INFOPLIST_FILE = YES;
				INFOPLIST_FILE = "30th-Assignment/Global/Supports/Info.plist";
				INFOPLIST_KEY_UIApplicationSupportsIndirectInputEvents = YES;
				INFOPLIST_KEY_UILaunchStoryboardName = LaunchScreen;
				INFOPLIST_KEY_UISupportedInterfaceOrientations_iPad = "UIInterfaceOrientationPortrait UIInterfaceOrientationPortraitUpsideDown UIInterfaceOrientationLandscapeLeft UIInterfaceOrientationLandscapeRight";
				INFOPLIST_KEY_UISupportedInterfaceOrientations_iPhone = "UIInterfaceOrientationPortrait UIInterfaceOrientationLandscapeLeft UIInterfaceOrientationLandscapeRight";
				LD_RUNPATH_SEARCH_PATHS = (
					"$(inherited)",
					"@executable_path/Frameworks",
				);
				MARKETING_VERSION = 1.0;
				PRODUCT_BUNDLE_IDENTIFIER = "com.sutori.-0th-Assignment";
				PRODUCT_NAME = "$(TARGET_NAME)";
				SWIFT_EMIT_LOC_STRINGS = YES;
				SWIFT_VERSION = 5.0;
				TARGETED_DEVICE_FAMILY = "1,2";
			};
			name = Release;
		};
/* End XCBuildConfiguration section */

/* Begin XCConfigurationList section */
		4DD4DB8B27FA171D00E54124 /* Build configuration list for PBXProject "30th-Assignment" */ = {
			isa = XCConfigurationList;
			buildConfigurations = (
				4DD4DBA227FA172000E54124 /* Debug */,
				4DD4DBA327FA172000E54124 /* Release */,
			);
			defaultConfigurationIsVisible = 0;
			defaultConfigurationName = Release;
		};
		4DD4DBA427FA172000E54124 /* Build configuration list for PBXNativeTarget "30th-Assignment" */ = {
			isa = XCConfigurationList;
			buildConfigurations = (
				4DD4DBA527FA172000E54124 /* Debug */,
				4DD4DBA627FA172000E54124 /* Release */,
			);
			defaultConfigurationIsVisible = 0;
			defaultConfigurationName = Release;
		};
/* End XCConfigurationList section */

/* Begin XCRemoteSwiftPackageReference section */
		4DD4DBB127FA1FDA00E54124 /* XCRemoteSwiftPackageReference "Then" */ = {
			isa = XCRemoteSwiftPackageReference;
			repositoryURL = "https://github.com/devxoul/Then";
			requirement = {
				kind = upToNextMajorVersion;
				minimumVersion = 2.0.0;
			};
		};
		4DD4DBB427FA1FEE00E54124 /* XCRemoteSwiftPackageReference "SnapKit" */ = {
			isa = XCRemoteSwiftPackageReference;
			repositoryURL = "https://github.com/SnapKit/SnapKit";
			requirement = {
				kind = upToNextMajorVersion;
				minimumVersion = 5.0.0;
			};
		};
/* End XCRemoteSwiftPackageReference section */

/* Begin XCSwiftPackageProductDependency section */
		4DD4DBB227FA1FDA00E54124 /* Then */ = {
			isa = XCSwiftPackageProductDependency;
			package = 4DD4DBB127FA1FDA00E54124 /* XCRemoteSwiftPackageReference "Then" */;
			productName = Then;
		};
		4DD4DBB527FA1FEE00E54124 /* SnapKit */ = {
			isa = XCSwiftPackageProductDependency;
			package = 4DD4DBB427FA1FEE00E54124 /* XCRemoteSwiftPackageReference "SnapKit" */;
			productName = SnapKit;
		};
/* End XCSwiftPackageProductDependency section */
	};
	rootObject = 4DD4DB8827FA171D00E54124 /* Project object */;
}
